
Microsoft Visual Studio Solution File, Format Version 12.00
# Visual Studio Version 17
VisualStudioVersion = 17.14.37614.0 d17.14
MinimumVisualStudioVersion = 10.0.40219.1
Project("{FAE04EC0-301F-11D3-BF4B-00C04F79EFBC}") = "PrincipioSolid_Liskovs", "PrincipioSolid_Liskovs\PrincipioSolid_Liskovs.csproj", "{7E4385A2-5461-4EB0-8141-D9340FAB97CF}"
EndProject
Global
	GlobalSection(SolutionConfigurationPlatforms) = preSolution
		Debug|Any CPU = Debug|Any CPU
		Release|Any CPU = Release|Any CPU
	EndGlobalSection
	GlobalSection(ProjectConfigurationPlatforms) = postSolution
		{7E4385A2-5461-4EB0-8141-D9340FAB97CF}.Debug|Any CPU.ActiveCfg = Debug|Any CPU
		{7E4385A2-5461-4EB0-8141-D9340FAB97CF}.Debug|Any CPU.Build.0 = Debug|Any CPU
		{7E4385A2-5461-4EB0-8141-D9340FAB97CF}.Release|Any CPU.ActiveCfg = Release|Any CPU
		{7E4385A2-5461-4EB0-8141-D9340FAB97CF}.Release|Any CPU.Build.0 = Release|Any CPU
	EndGlobalSection
	GlobalSection(SolutionProperties) = preSolution
		HideSolutionNode = FALSE
	EndGlobalSection
	GlobalSection(ExtensibilityGlobals) = postSolution
		SolutionGuid = {83443C92-A9AD-453E-BD15-866AE0231B62}
	EndGlobalSection
EndGlobal
